// !$*UTF8*$!
{
	archiveVersion = 1;
	classes = {
	};
	objectVersion = 51;
	objects = {

/* Begin PBXBuildFile section */
		C03A48C424965A48005CA628 /* UserService.swift in Sources */ = {isa = PBXBuildFile; fileRef = C03A48C324965A48005CA628 /* UserService.swift */; };
		C03A48C624966590005CA628 /* User.swift in Sources */ = {isa = PBXBuildFile; fileRef = C03A48C524966590005CA628 /* User.swift */; };
		C03A48C8249689FA005CA628 /* NewPostVC.swift in Sources */ = {isa = PBXBuildFile; fileRef = C03A48C7249689FA005CA628 /* NewPostVC.swift */; };
		C03A48CA2496CCE8005CA628 /* PostService.swift in Sources */ = {isa = PBXBuildFile; fileRef = C03A48C92496CCE8005CA628 /* PostService.swift */; };
		C03A48CC2497B46F005CA628 /* Post.swift in Sources */ = {isa = PBXBuildFile; fileRef = C03A48CB2497B46F005CA628 /* Post.swift */; };
		C03A48D02497C985005CA628 /* PostTVC.swift in Sources */ = {isa = PBXBuildFile; fileRef = C03A48CF2497C985005CA628 /* PostTVC.swift */; };
		C0C176E2248D3F7A00080FBC /* AppDelegate.swift in Sources */ = {isa = PBXBuildFile; fileRef = C0C176E1248D3F7A00080FBC /* AppDelegate.swift */; };
		C0C176E4248D3F7A00080FBC /* SceneDelegate.swift in Sources */ = {isa = PBXBuildFile; fileRef = C0C176E3248D3F7A00080FBC /* SceneDelegate.swift */; };
		C0C176E9248D3F7A00080FBC /* Main.storyboard in Resources */ = {isa = PBXBuildFile; fileRef = C0C176E7248D3F7A00080FBC /* Main.storyboard */; };
		C0C176EB248D3F8000080FBC /* Assets.xcassets in Resources */ = {isa = PBXBuildFile; fileRef = C0C176EA248D3F8000080FBC /* Assets.xcassets */; };
		C0C176EE248D3F8000080FBC /* LaunchScreen.storyboard in Resources */ = {isa = PBXBuildFile; fileRef = C0C176EC248D3F8000080FBC /* LaunchScreen.storyboard */; };
		C0C176FC248D428500080FBC /* MainTabBar.swift in Sources */ = {isa = PBXBuildFile; fileRef = C0C176FB248D428500080FBC /* MainTabBar.swift */; };
		C0C176FE248D483300080FBC /* FeedVC.swift in Sources */ = {isa = PBXBuildFile; fileRef = C0C176FD248D483300080FBC /* FeedVC.swift */; };
		C0C17700248D484300080FBC /* DiscoverVC.swift in Sources */ = {isa = PBXBuildFile; fileRef = C0C176FF248D484300080FBC /* DiscoverVC.swift */; };
		C0C17702248D486400080FBC /* NotificationVC.swift in Sources */ = {isa = PBXBuildFile; fileRef = C0C17701248D486400080FBC /* NotificationVC.swift */; };
		C0C17704248D487600080FBC /* MessageVC.swift in Sources */ = {isa = PBXBuildFile; fileRef = C0C17703248D487600080FBC /* MessageVC.swift */; };
		C0C17708248D6AFE00080FBC /* Extension.swift in Sources */ = {isa = PBXBuildFile; fileRef = C0C17707248D6AFE00080FBC /* Extension.swift */; };
		C0C1770B248D6DDD00080FBC /* LoginVC.swift in Sources */ = {isa = PBXBuildFile; fileRef = C0C1770A248D6DDD00080FBC /* LoginVC.swift */; };
		C0C1770D248D6DF200080FBC /* SignupVC.swift in Sources */ = {isa = PBXBuildFile; fileRef = C0C1770C248D6DF200080FBC /* SignupVC.swift */; };
		C0C17711248DCEFA00080FBC /* Util.swift in Sources */ = {isa = PBXBuildFile; fileRef = C0C17710248DCEFA00080FBC /* Util.swift */; };
		C0C17713248ECD5000080FBC /* Constants.swift in Sources */ = {isa = PBXBuildFile; fileRef = C0C17712248ECD5000080FBC /* Constants.swift */; };
		C0C17715248FE03C00080FBC /* GoogleService-Info.plist in Resources */ = {isa = PBXBuildFile; fileRef = C0C17714248FE03B00080FBC /* GoogleService-Info.plist */; };
		C0C17768249284DF00080FBC /* AuthCredential.swift in Sources */ = {isa = PBXBuildFile; fileRef = C0C17767249284DF00080FBC /* AuthCredential.swift */; };
		C35B6CA06AA0674202F5415D /* Pods_LADiaspora.framework in Frameworks */ = {isa = PBXBuildFile; fileRef = 0E1286CBE5112122A6120A8F /* Pods_LADiaspora.framework */; };
/* End PBXBuildFile section */

/* Begin PBXFileReference section */
		0E1286CBE5112122A6120A8F /* Pods_LADiaspora.framework */ = {isa = PBXFileReference; explicitFileType = wrapper.framework; includeInIndex = 0; path = Pods_LADiaspora.framework; sourceTree = BUILT_PRODUCTS_DIR; };
		46463617D7F79A93F573BDBC /* Pods-LADiaspora.debug.xcconfig */ = {isa = PBXFileReference; includeInIndex = 1; lastKnownFileType = text.xcconfig; name = "Pods-LADiaspora.debug.xcconfig"; path = "Target Support Files/Pods-LADiaspora/Pods-LADiaspora.debug.xcconfig"; sourceTree = "<group>"; };
		9AE99391C27B3A37C84B1823 /* Pods-LADiaspora.release.xcconfig */ = {isa = PBXFileReference; includeInIndex = 1; lastKnownFileType = text.xcconfig; name = "Pods-LADiaspora.release.xcconfig"; path = "Target Support Files/Pods-LADiaspora/Pods-LADiaspora.release.xcconfig"; sourceTree = "<group>"; };
		C03A48C324965A48005CA628 /* UserService.swift */ = {isa = PBXFileReference; lastKnownFileType = sourcecode.swift; path = UserService.swift; sourceTree = "<group>"; };
		C03A48C524966590005CA628 /* User.swift */ = {isa = PBXFileReference; lastKnownFileType = sourcecode.swift; path = User.swift; sourceTree = "<group>"; };
		C03A48C7249689FA005CA628 /* NewPostVC.swift */ = {isa = PBXFileReference; lastKnownFileType = sourcecode.swift; path = NewPostVC.swift; sourceTree = "<group>"; };
		C03A48C92496CCE8005CA628 /* PostService.swift */ = {isa = PBXFileReference; lastKnownFileType = sourcecode.swift; path = PostService.swift; sourceTree = "<group>"; };
		C03A48CB2497B46F005CA628 /* Post.swift */ = {isa = PBXFileReference; lastKnownFileType = sourcecode.swift; path = Post.swift; sourceTree = "<group>"; };
		C03A48CF2497C985005CA628 /* PostTVC.swift */ = {isa = PBXFileReference; lastKnownFileType = sourcecode.swift; path = PostTVC.swift; sourceTree = "<group>"; };
		C0C176DE248D3F7A00080FBC /* LADiaspora.app */ = {isa = PBXFileReference; explicitFileType = wrapper.application; includeInIndex = 0; path = LADiaspora.app; sourceTree = BUILT_PRODUCTS_DIR; };
		C0C176E1248D3F7A00080FBC /* AppDelegate.swift */ = {isa = PBXFileReference; lastKnownFileType = sourcecode.swift; path = AppDelegate.swift; sourceTree = "<group>"; };
		C0C176E3248D3F7A00080FBC /* SceneDelegate.swift */ = {isa = PBXFileReference; lastKnownFileType = sourcecode.swift; path = SceneDelegate.swift; sourceTree = "<group>"; };
		C0C176E8248D3F7A00080FBC /* Base */ = {isa = PBXFileReference; lastKnownFileType = file.storyboard; name = Base; path = Base.lproj/Main.storyboard; sourceTree = "<group>"; };
		C0C176EA248D3F8000080FBC /* Assets.xcassets */ = {isa = PBXFileReference; lastKnownFileType = folder.assetcatalog; path = Assets.xcassets; sourceTree = "<group>"; };
		C0C176ED248D3F8000080FBC /* Base */ = {isa = PBXFileReference; lastKnownFileType = file.storyboard; name = Base; path = Base.lproj/LaunchScreen.storyboard; sourceTree = "<group>"; };
		C0C176EF248D3F8000080FBC /* Info.plist */ = {isa = PBXFileReference; lastKnownFileType = text.plist.xml; path = Info.plist; sourceTree = "<group>"; };
		C0C176FB248D428500080FBC /* MainTabBar.swift */ = {isa = PBXFileReference; lastKnownFileType = sourcecode.swift; path = MainTabBar.swift; sourceTree = "<group>"; };
		C0C176FD248D483300080FBC /* FeedVC.swift */ = {isa = PBXFileReference; lastKnownFileType = sourcecode.swift; path = FeedVC.swift; sourceTree = "<group>"; };
		C0C176FF248D484300080FBC /* DiscoverVC.swift */ = {isa = PBXFileReference; lastKnownFileType = sourcecode.swift; path = DiscoverVC.swift; sourceTree = "<group>"; };
		C0C17701248D486400080FBC /* NotificationVC.swift */ = {isa = PBXFileReference; lastKnownFileType = sourcecode.swift; path = NotificationVC.swift; sourceTree = "<group>"; };
		C0C17703248D487600080FBC /* MessageVC.swift */ = {isa = PBXFileReference; lastKnownFileType = sourcecode.swift; path = MessageVC.swift; sourceTree = "<group>"; };
		C0C17707248D6AFE00080FBC /* Extension.swift */ = {isa = PBXFileReference; lastKnownFileType = sourcecode.swift; path = Extension.swift; sourceTree = "<group>"; };
		C0C1770A248D6DDD00080FBC /* LoginVC.swift */ = {isa = PBXFileReference; lastKnownFileType = sourcecode.swift; path = LoginVC.swift; sourceTree = "<group>"; };
		C0C1770C248D6DF200080FBC /* SignupVC.swift */ = {isa = PBXFileReference; lastKnownFileType = sourcecode.swift; path = SignupVC.swift; sourceTree = "<group>"; };
		C0C17710248DCEFA00080FBC /* Util.swift */ = {isa = PBXFileReference; lastKnownFileType = sourcecode.swift; path = Util.swift; sourceTree = "<group>"; };
		C0C17712248ECD5000080FBC /* Constants.swift */ = {isa = PBXFileReference; lastKnownFileType = sourcecode.swift; path = Constants.swift; sourceTree = "<group>"; };
		C0C17714248FE03B00080FBC /* GoogleService-Info.plist */ = {isa = PBXFileReference; fileEncoding = 4; lastKnownFileType = text.plist.xml; path = "GoogleService-Info.plist"; sourceTree = "<group>"; };
		C0C17767249284DF00080FBC /* AuthCredential.swift */ = {isa = PBXFileReference; lastKnownFileType = sourcecode.swift; path = AuthCredential.swift; sourceTree = "<group>"; };
/* End PBXFileReference section */

/* Begin PBXFrameworksBuildPhase section */
		C0C176DB248D3F7A00080FBC /* Frameworks */ = {
			isa = PBXFrameworksBuildPhase;
			buildActionMask = 2147483647;
			files = (
				C35B6CA06AA0674202F5415D /* Pods_LADiaspora.framework in Frameworks */,
			);
			runOnlyForDeploymentPostprocessing = 0;
		};
/* End PBXFrameworksBuildPhase section */

/* Begin PBXGroup section */
		9652257E4DC5AF55BBC8303D /* Pods */ = {
			isa = PBXGroup;
			children = (
				46463617D7F79A93F573BDBC /* Pods-LADiaspora.debug.xcconfig */,
				9AE99391C27B3A37C84B1823 /* Pods-LADiaspora.release.xcconfig */,
			);
			path = Pods;
			sourceTree = "<group>";
		};
		C0C176D5248D3F7A00080FBC = {
			isa = PBXGroup;
			children = (
				C0C176E0248D3F7A00080FBC /* LADiaspora */,
				C0C176DF248D3F7A00080FBC /* Products */,
				9652257E4DC5AF55BBC8303D /* Pods */,
				C25FA77028DF1D712235A0AB /* Frameworks */,
			);
			sourceTree = "<group>";
		};
		C0C176DF248D3F7A00080FBC /* Products */ = {
			isa = PBXGroup;
			children = (
				C0C176DE248D3F7A00080FBC /* LADiaspora.app */,
			);
			name = Products;
			sourceTree = "<group>";
		};
		C0C176E0248D3F7A00080FBC /* LADiaspora */ = {
			isa = PBXGroup;
			children = (
				C0C176E1248D3F7A00080FBC /* AppDelegate.swift */,
				C0C176E3248D3F7A00080FBC /* SceneDelegate.swift */,
				C0C176FA248D423800080FBC /* Utils */,
				C0C176F9248D422D00080FBC /* API */,
				C0C176F8248D421F00080FBC /* Model */,
				C0C176F7248D421500080FBC /* Views */,
				C0C176F5248D41BB00080FBC /* Controllers */,
				C0C176EA248D3F8000080FBC /* Assets.xcassets */,
				C0C176EC248D3F8000080FBC /* LaunchScreen.storyboard */,
				C0C176EF248D3F8000080FBC /* Info.plist */,
				C0C17714248FE03B00080FBC /* GoogleService-Info.plist */,
			);
			path = LADiaspora;
			sourceTree = "<group>";
		};
		C0C176F5248D41BB00080FBC /* Controllers */ = {
			isa = PBXGroup;
			children = (
				C0C17709248D6DC500080FBC /* Reigstrations */,
				C0C1776624925AF900080FBC /* Main */,
			);
			path = Controllers;
			sourceTree = "<group>";
		};
		C0C176F7248D421500080FBC /* Views */ = {
			isa = PBXGroup;
			children = (
				C0C176E7248D3F7A00080FBC /* Main.storyboard */,
				C03A48CF2497C985005CA628 /* PostTVC.swift */,
			);
			path = Views;
			sourceTree = "<group>";
		};
		C0C176F8248D421F00080FBC /* Model */ = {
			isa = PBXGroup;
			children = (
				C0C17767249284DF00080FBC /* AuthCredential.swift */,
				C03A48C524966590005CA628 /* User.swift */,
				C03A48CB2497B46F005CA628 /* Post.swift */,
			);
			path = Model;
			sourceTree = "<group>";
		};
		C0C176F9248D422D00080FBC /* API */ = {
			isa = PBXGroup;
			children = (
				C03A48C324965A48005CA628 /* UserService.swift */,
				C03A48C92496CCE8005CA628 /* PostService.swift */,
			);
			path = API;
			sourceTree = "<group>";
		};
		C0C176FA248D423800080FBC /* Utils */ = {
			isa = PBXGroup;
			children = (
				C0C17707248D6AFE00080FBC /* Extension.swift */,
				C0C17710248DCEFA00080FBC /* Util.swift */,
				C0C17712248ECD5000080FBC /* Constants.swift */,
			);
			path = Utils;
			sourceTree = "<group>";
		};
		C0C17709248D6DC500080FBC /* Reigstrations */ = {
			isa = PBXGroup;
			children = (
				C0C1770A248D6DDD00080FBC /* LoginVC.swift */,
				C0C1770C248D6DF200080FBC /* SignupVC.swift */,
			);
			path = Reigstrations;
			sourceTree = "<group>";
		};
		C0C1776624925AF900080FBC /* Main */ = {
			isa = PBXGroup;
			children = (
				C0C176FB248D428500080FBC /* MainTabBar.swift */,
				C0C176FD248D483300080FBC /* FeedVC.swift */,
				C03A48C7249689FA005CA628 /* NewPostVC.swift */,
				C0C176FF248D484300080FBC /* DiscoverVC.swift */,
				C0C17701248D486400080FBC /* NotificationVC.swift */,
				C0C17703248D487600080FBC /* MessageVC.swift */,
			);
			path = Main;
			sourceTree = "<group>";
		};
		C25FA77028DF1D712235A0AB /* Frameworks */ = {
			isa = PBXGroup;
			children = (
				0E1286CBE5112122A6120A8F /* Pods_LADiaspora.framework */,
			);
			name = Frameworks;
			sourceTree = "<group>";
		};
/* End PBXGroup section */

/* Begin PBXNativeTarget section */
		C0C176DD248D3F7A00080FBC /* LADiaspora */ = {
			isa = PBXNativeTarget;
			buildConfigurationList = C0C176F2248D3F8000080FBC /* Build configuration list for PBXNativeTarget "LADiaspora" */;
			buildPhases = (
				19343B38FC8CD372690A3F6F /* [CP] Check Pods Manifest.lock */,
				C0C176DA248D3F7A00080FBC /* Sources */,
				C0C176DB248D3F7A00080FBC /* Frameworks */,
				C0C176DC248D3F7A00080FBC /* Resources */,
				91B6BC8059CAFE394F917D6D /* [CP] Embed Pods Frameworks */,
			);
			buildRules = (
			);
			dependencies = (
			);
			name = LADiaspora;
			productName = LADiaspora;
			productReference = C0C176DE248D3F7A00080FBC /* LADiaspora.app */;
			productType = "com.apple.product-type.application";
		};
/* End PBXNativeTarget section */

/* Begin PBXProject section */
		C0C176D6248D3F7A00080FBC /* Project object */ = {
			isa = PBXProject;
			attributes = {
				LastSwiftUpdateCheck = 1140;
				LastUpgradeCheck = 1140;
				ORGANIZATIONNAME = "Abdul Diallo";
				TargetAttributes = {
					C0C176DD248D3F7A00080FBC = {
						CreatedOnToolsVersion = 11.4.1;
					};
				};
			};
			buildConfigurationList = C0C176D9248D3F7A00080FBC /* Build configuration list for PBXProject "LADiaspora" */;
			compatibilityVersion = "Xcode 9.3";
			developmentRegion = en;
			hasScannedForEncodings = 0;
			knownRegions = (
				en,
				Base,
			);
			mainGroup = C0C176D5248D3F7A00080FBC;
			productRefGroup = C0C176DF248D3F7A00080FBC /* Products */;
			projectDirPath = "";
			projectRoot = "";
			targets = (
				C0C176DD248D3F7A00080FBC /* LADiaspora */,
			);
		};
/* End PBXProject section */

/* Begin PBXResourcesBuildPhase section */
		C0C176DC248D3F7A00080FBC /* Resources */ = {
			isa = PBXResourcesBuildPhase;
			buildActionMask = 2147483647;
			files = (
				C0C176EE248D3F8000080FBC /* LaunchScreen.storyboard in Resources */,
				C0C17715248FE03C00080FBC /* GoogleService-Info.plist in Resources */,
				C0C176EB248D3F8000080FBC /* Assets.xcassets in Resources */,
				C0C176E9248D3F7A00080FBC /* Main.storyboard in Resources */,
			);
			runOnlyForDeploymentPostprocessing = 0;
		};
/* End PBXResourcesBuildPhase section */

/* Begin PBXShellScriptBuildPhase section */
		19343B38FC8CD372690A3F6F /* [CP] Check Pods Manifest.lock */ = {
			isa = PBXShellScriptBuildPhase;
			buildActionMask = 2147483647;
			files = (
			);
			inputFileListPaths = (
			);
			inputPaths = (
				"${PODS_PODFILE_DIR_PATH}/Podfile.lock",
				"${PODS_ROOT}/Manifest.lock",
			);
			name = "[CP] Check Pods Manifest.lock";
			outputFileListPaths = (
			);
			outputPaths = (
				"$(DERIVED_FILE_DIR)/Pods-LADiaspora-checkManifestLockResult.txt",
			);
			runOnlyForDeploymentPostprocessing = 0;
			shellPath = /bin/sh;
			shellScript = "diff \"${PODS_PODFILE_DIR_PATH}/Podfile.lock\" \"${PODS_ROOT}/Manifest.lock\" > /dev/null\nif [ $? != 0 ] ; then\n    # print error to STDERR\n    echo \"error: The sandbox is not in sync with the Podfile.lock. Run 'pod install' or update your CocoaPods installation.\" >&2\n    exit 1\nfi\n# This output is used by Xcode 'outputs' to avoid re-running this script phase.\necho \"SUCCESS\" > \"${SCRIPT_OUTPUT_FILE_0}\"\n";
			showEnvVarsInLog = 0;
		};
		91B6BC8059CAFE394F917D6D /* [CP] Embed Pods Frameworks */ = {
			isa = PBXShellScriptBuildPhase;
			buildActionMask = 2147483647;
			files = (
			);
			inputFileListPaths = (
				"${PODS_ROOT}/Target Support Files/Pods-LADiaspora/Pods-LADiaspora-frameworks-${CONFIGURATION}-input-files.xcfilelist",
			);
			name = "[CP] Embed Pods Frameworks";
			outputFileListPaths = (
				"${PODS_ROOT}/Target Support Files/Pods-LADiaspora/Pods-LADiaspora-frameworks-${CONFIGURATION}-output-files.xcfilelist",
			);
			runOnlyForDeploymentPostprocessing = 0;
			shellPath = /bin/sh;
			shellScript = "\"${PODS_ROOT}/Target Support Files/Pods-LADiaspora/Pods-LADiaspora-frameworks.sh\"\n";
			showEnvVarsInLog = 0;
		};
/* End PBXShellScriptBuildPhase section */

/* Begin PBXSourcesBuildPhase section */
		C0C176DA248D3F7A00080FBC /* Sources */ = {
			isa = PBXSourcesBuildPhase;
			buildActionMask = 2147483647;
			files = (
				C03A48D02497C985005CA628 /* PostTVC.swift in Sources */,
				C03A48C424965A48005CA628 /* UserService.swift in Sources */,
				C0C17711248DCEFA00080FBC /* Util.swift in Sources */,
				C0C176FE248D483300080FBC /* FeedVC.swift in Sources */,
				C03A48C8249689FA005CA628 /* NewPostVC.swift in Sources */,
				C0C17702248D486400080FBC /* NotificationVC.swift in Sources */,
				C0C17700248D484300080FBC /* DiscoverVC.swift in Sources */,
				C03A48C624966590005CA628 /* User.swift in Sources */,
				C0C176FC248D428500080FBC /* MainTabBar.swift in Sources */,
				C03A48CA2496CCE8005CA628 /* PostService.swift in Sources */,
				C0C17768249284DF00080FBC /* AuthCredential.swift in Sources */,
				C0C17704248D487600080FBC /* MessageVC.swift in Sources */,
				C0C1770B248D6DDD00080FBC /* LoginVC.swift in Sources */,
				C0C1770D248D6DF200080FBC /* SignupVC.swift in Sources */,
				C0C176E2248D3F7A00080FBC /* AppDelegate.swift in Sources */,
				C0C176E4248D3F7A00080FBC /* SceneDelegate.swift in Sources */,
				C03A48CC2497B46F005CA628 /* Post.swift in Sources */,
				C0C17708248D6AFE00080FBC /* Extension.swift in Sources */,
				C0C17713248ECD5000080FBC /* Constants.swift in Sources */,
			);
			runOnlyForDeploymentPostprocessing = 0;
		};
/* End PBXSourcesBuildPhase section */

/* Begin PBXVariantGroup section */
		C0C176E7248D3F7A00080FBC /* Main.storyboard */ = {
			isa = PBXVariantGroup;
			children = (
				C0C176E8248D3F7A00080FBC /* Base */,
			);
			name = Main.storyboard;
			sourceTree = "<group>";
		};
		C0C176EC248D3F8000080FBC /* LaunchScreen.storyboard */ = {
			isa = PBXVariantGroup;
			children = (
				C0C176ED248D3F8000080FBC /* Base */,
			);
			name = LaunchScreen.storyboard;
			sourceTree = "<group>";
		};
/* End PBXVariantGroup section */

/* Begin XCBuildConfiguration section */
		C0C176F0248D3F8000080FBC /* Debug */ = {
			isa = XCBuildConfiguration;
			buildSettings = {
				ALWAYS_SEARCH_USER_PATHS = NO;
				CLANG_ANALYZER_NONNULL = YES;
				CLANG_ANALYZER_NUMBER_OBJECT_CONVERSION = YES_AGGRESSIVE;
				CLANG_CXX_LANGUAGE_STANDARD = "gnu++14";
				CLANG_CXX_LIBRARY = "libc++";
				CLANG_ENABLE_MODULES = YES;
				CLANG_ENABLE_OBJC_ARC = YES;
				CLANG_ENABLE_OBJC_WEAK = YES;
				CLANG_WARN_BLOCK_CAPTURE_AUTORELEASING = YES;
				CLANG_WARN_BOOL_CONVERSION = YES;
				CLANG_WARN_COMMA = YES;
				CLANG_WARN_CONSTANT_CONVERSION = YES;
				CLANG_WARN_DEPRECATED_OBJC_IMPLEMENTATIONS = YES;
				CLANG_WARN_DIRECT_OBJC_ISA_USAGE = YES_ERROR;
				CLANG_WARN_DOCUMENTATION_COMMENTS = YES;
				CLANG_WARN_EMPTY_BODY = YES;
				CLANG_WARN_ENUM_CONVERSION = YES;
				CLANG_WARN_INFINITE_RECURSION = YES;
				CLANG_WARN_INT_CONVERSION = YES;
				CLANG_WARN_NON_LITERAL_NULL_CONVERSION = YES;
				CLANG_WARN_OBJC_IMPLICIT_RETAIN_SELF = YES;
				CLANG_WARN_OBJC_LITERAL_CONVERSION = YES;
				CLANG_WARN_OBJC_ROOT_CLASS = YES_ERROR;
				CLANG_WARN_RANGE_LOOP_ANALYSIS = YES;
				CLANG_WARN_STRICT_PROTOTYPES = YES;
				CLANG_WARN_SUSPICIOUS_MOVE = YES;
				CLANG_WARN_UNGUARDED_AVAILABILITY = YES_AGGRESSIVE;
				CLANG_WARN_UNREACHABLE_CODE = YES;
				CLANG_WARN__DUPLICATE_METHOD_MATCH = YES;
				COPY_PHASE_STRIP = NO;
				DEBUG_INFORMATION_FORMAT = dwarf;
				ENABLE_STRICT_OBJC_MSGSEND = YES;
				ENABLE_TESTABILITY = YES;
				GCC_C_LANGUAGE_STANDARD = gnu11;
				GCC_DYNAMIC_NO_PIC = NO;
				GCC_NO_COMMON_BLOCKS = YES;
				GCC_OPTIMIZATION_LEVEL = 0;
				GCC_PREPROCESSOR_DEFINITIONS = (
					"DEBUG=1",
					"$(inherited)",
				);
				GCC_WARN_64_TO_32_BIT_CONVERSION = YES;
				GCC_WARN_ABOUT_RETURN_TYPE = YES_ERROR;
				GCC_WARN_UNDECLARED_SELECTOR = YES;
				GCC_WARN_UNINITIALIZED_AUTOS = YES_AGGRESSIVE;
				GCC_WARN_UNUSED_FUNCTION = YES;
				GCC_WARN_UNUSED_VARIABLE = YES;
				IPHONEOS_DEPLOYMENT_TARGET = 13.4;
				MTL_ENABLE_DEBUG_INFO = INCLUDE_SOURCE;
				MTL_FAST_MATH = YES;
				ONLY_ACTIVE_ARCH = YES;
				SDKROOT = iphoneos;
				SWIFT_ACTIVE_COMPILATION_CONDITIONS = DEBUG;
				SWIFT_OPTIMIZATION_LEVEL = "-Onone";
			};
			name = Debug;
		};
		C0C176F1248D3F8000080FBC /* Release */ = {
			isa = XCBuildConfiguration;
			buildSettings = {
				ALWAYS_SEARCH_USER_PATHS = NO;
				CLANG_ANALYZER_NONNULL = YES;
				CLANG_ANALYZER_NUMBER_OBJECT_CONVERSION = YES_AGGRESSIVE;
				CLANG_CXX_LANGUAGE_STANDARD = "gnu++14";
				CLANG_CXX_LIBRARY = "libc++";
				CLANG_ENABLE_MODULES = YES;
				CLANG_ENABLE_OBJC_ARC = YES;
				CLANG_ENABLE_OBJC_WEAK = YES;
				CLANG_WARN_BLOCK_CAPTURE_AUTORELEASING = YES;
				CLANG_WARN_BOOL_CONVERSION = YES;
				CLANG_WARN_COMMA = YES;
				CLANG_WARN_CONSTANT_CONVERSION = YES;
				CLANG_WARN_DEPRECATED_OBJC_IMPLEMENTATIONS = YES;
				CLANG_WARN_DIRECT_OBJC_ISA_USAGE = YES_ERROR;
				CLANG_WARN_DOCUMENTATION_COMMENTS = YES;
				CLANG_WARN_EMPTY_BODY = YES;
				CLANG_WARN_ENUM_CONVERSION = YES;
				CLANG_WARN_INFINITE_RECURSION = YES;
				CLANG_WARN_INT_CONVERSION = YES;
				CLANG_WARN_NON_LITERAL_NULL_CONVERSION = YES;
				CLANG_WARN_OBJC_IMPLICIT_RETAIN_SELF = YES;
				CLANG_WARN_OBJC_LITERAL_CONVERSION = YES;
				CLANG_WARN_OBJC_ROOT_CLASS = YES_ERROR;
				CLANG_WARN_RANGE_LOOP_ANALYSIS = YES;
				CLANG_WARN_STRICT_PROTOTYPES = YES;
				CLANG_WARN_SUSPICIOUS_MOVE = YES;
				CLANG_WARN_UNGUARDED_AVAILABILITY = YES_AGGRESSIVE;
				CLANG_WARN_UNREACHABLE_CODE = YES;
				CLANG_WARN__DUPLICATE_METHOD_MATCH = YES;
				COPY_PHASE_STRIP = NO;
				DEBUG_INFORMATION_FORMAT = "dwarf-with-dsym";
				ENABLE_NS_ASSERTIONS = NO;
				ENABLE_STRICT_OBJC_MSGSEND = YES;
				GCC_C_LANGUAGE_STANDARD = gnu11;
				GCC_NO_COMMON_BLOCKS = YES;
				GCC_WARN_64_TO_32_BIT_CONVERSION = YES;
				GCC_WARN_ABOUT_RETURN_TYPE = YES_ERROR;
				GCC_WARN_UNDECLARED_SELECTOR = YES;
				GCC_WARN_UNINITIALIZED_AUTOS = YES_AGGRESSIVE;
				GCC_WARN_UNUSED_FUNCTION = YES;
				GCC_WARN_UNUSED_VARIABLE = YES;
				IPHONEOS_DEPLOYMENT_TARGET = 13.4;
				MTL_ENABLE_DEBUG_INFO = NO;
				MTL_FAST_MATH = YES;
				SDKROOT = iphoneos;
				SWIFT_COMPILATION_MODE = wholemodule;
				SWIFT_OPTIMIZATION_LEVEL = "-O";
				VALIDATE_PRODUCT = YES;
			};
			name = Release;
		};
		C0C176F3248D3F8000080FBC /* Debug */ = {
			isa = XCBuildConfiguration;
			baseConfigurationReference = 46463617D7F79A93F573BDBC /* Pods-LADiaspora.debug.xcconfig */;
			buildSettings = {
				ASSETCATALOG_COMPILER_APPICON_NAME = AppIcon;
				CODE_SIGN_STYLE = Automatic;
				DEVELOPMENT_TEAM = ZNY957A2G6;
				INFOPLIST_FILE = LADiaspora/Info.plist;
				LD_RUNPATH_SEARCH_PATHS = (
					"$(inherited)",
					"@executable_path/Frameworks",
				);
				PRODUCT_BUNDLE_IDENTIFIER = abdulCo.LADiaspora;
				PRODUCT_NAME = "$(TARGET_NAME)";
				SWIFT_VERSION = 5.0;
				TARGETED_DEVICE_FAMILY = "1,2";
			};
			name = Debug;
		};
		C0C176F4248D3F8000080FBC /* Release */ = {
			isa = XCBuildConfiguration;
			baseConfigurationReference = 9AE99391C27B3A37C84B1823 /* Pods-LADiaspora.release.xcconfig */;
			buildSettings = {
				ASSETCATALOG_COMPILER_APPICON_NAME = AppIcon;
				CODE_SIGN_STYLE = Automatic;
				DEVELOPMENT_TEAM = ZNY957A2G6;
				INFOPLIST_FILE = LADiaspora/Info.plist;
				LD_RUNPATH_SEARCH_PATHS = (
					"$(inherited)",
					"@executable_path/Frameworks",
				);
				PRODUCT_BUNDLE_IDENTIFIER = abdulCo.LADiaspora;
				PRODUCT_NAME = "$(TARGET_NAME)";
				SWIFT_VERSION = 5.0;
				TARGETED_DEVICE_FAMILY = "1,2";
			};
			name = Release;
		};
/* End XCBuildConfiguration section */

/* Begin XCConfigurationList section */
		C0C176D9248D3F7A00080FBC /* Build configuration list for PBXProject "LADiaspora" */ = {
			isa = XCConfigurationList;
			buildConfigurations = (
				C0C176F0248D3F8000080FBC /* Debug */,
				C0C176F1248D3F8000080FBC /* Release */,
			);
			defaultConfigurationIsVisible = 0;
			defaultConfigurationName = Release;
		};
		C0C176F2248D3F8000080FBC /* Build configuration list for PBXNativeTarget "LADiaspora" */ = {
			isa = XCConfigurationList;
			buildConfigurations = (
				C0C176F3248D3F8000080FBC /* Debug */,
				C0C176F4248D3F8000080FBC /* Release */,
			);
			defaultConfigurationIsVisible = 0;
			defaultConfigurationName = Release;
		};
/* End XCConfigurationList section */
	};
	rootObject = C0C176D6248D3F7A00080FBC /* Project object */;
}
